{
    "name": "@cospaia/calva-lib",
    "version": "0.0.19",
    "lockfileVersion": 1,
    "requires": true,
    "dependencies": {
        "ace.improved": {
            "version": "0.2.1",
            "resolved": "https://registry.npmjs.org/ace.improved/-/ace.improved-0.2.1.tgz",
            "integrity": "sha1-TXRij8QxsJzcqh+ysj0eyDxdLzI="
        },
        "base64-js": {
            "version": "1.3.0",
            "resolved": "https://registry.npmjs.org/base64-js/-/base64-js-1.3.0.tgz",
            "integrity": "sha512-ccav/yGvoa80BQDljCxsmmQ3Xvx60/UpBIij5QN21W3wBi/hhIC9OoO+KLpu9IJTS9j4DRVJ3aDDF9cMSoa2lw=="
        },
        "bencoder": {
            "version": "0.0.5",
            "resolved": "https://registry.npmjs.org/bencoder/-/bencoder-0.0.5.tgz",
            "integrity": "sha1-uwluE1yila8Wuv7Gs7EMAerI7Ow="
        },
        "buffer": {
            "version": "5.2.1",
            "resolved": "https://registry.npmjs.org/buffer/-/buffer-5.2.1.tgz",
            "integrity": "sha512-c+Ko0loDaFfuPWiL02ls9Xd3GO3cPVmUobQ6t3rXNUk304u6hGq+8N/kFi+QEIKhzK3uwolVhLzszmfLmMLnqg==",
            "requires": {
                "base64-js": "^1.0.2",
                "ieee754": "^1.1.4"
            }
        },
        "ieee754": {
            "version": "1.1.12",
            "resolved": "https://registry.npmjs.org/ieee754/-/ieee754-1.1.12.tgz",
            "integrity": "sha512-GguP+DRY+pJ3soyIiGPTvdiVXjZ+DbXOxGpXn3eMvNW4x4irjqXm4wHKscC+TfxSJ0yw/S1F24tqdMNsMZTiLA=="
        },
        "paredit.js": {
            "version": "0.3.4",
            "resolved": "https://registry.npmjs.org/paredit.js/-/paredit.js-0.3.4.tgz",
            "integrity": "sha512-b6t7ORo/MwT6xvRiuu1c1do3+CAUd7/0rgc1d3qNHUeP64zxy4ttLIvK7SEHzyfyDLvD9pPuV9mYKHf6MgUkmg==",
            "requires": {
                "ace.improved": ">=0.1.4"
            }
        },
        "parinfer": {
            "version": "3.12.0",
            "resolved": "https://registry.npmjs.org/parinfer/-/parinfer-3.12.0.tgz",
            "integrity": "sha512-iViQ8vtJ6CEa9x0SxcQCtsOYSCVVu7ILnuUJfKHPEGjxM0Z6R1EdAJX3kWyqZDrszvQyYWl/XpD9pN2IFgSF/g=="
        }
    }
}
