{
    "name": "@cospaia/calva-lib",
    "version": "0.0.17",
    "lockfileVersion": 1,
    "requires": true,
    "dependencies": {
        "ace.improved": {
            "version": "0.2.1",
            "resolved": "https://registry.npmjs.org/ace.improved/-/ace.improved-0.2.1.tgz",
            "integrity": "sha1-TXRij8QxsJzcqh+ysj0eyDxdLzI="
        },
        "paredit.js": {
            "version": "0.3.4",
            "resolved": "https://registry.npmjs.org/paredit.js/-/paredit.js-0.3.4.tgz",
            "integrity": "sha512-b6t7ORo/MwT6xvRiuu1c1do3+CAUd7/0rgc1d3qNHUeP64zxy4ttLIvK7SEHzyfyDLvD9pPuV9mYKHf6MgUkmg==",
            "requires": {
                "ace.improved": ">=0.1.4"
            }
        },
        "parinfer": {
            "version": "3.12.0",
            "resolved": "https://registry.npmjs.org/parinfer/-/parinfer-3.12.0.tgz",
            "integrity": "sha512-iViQ8vtJ6CEa9x0SxcQCtsOYSCVVu7ILnuUJfKHPEGjxM0Z6R1EdAJX3kWyqZDrszvQyYWl/XpD9pN2IFgSF/g=="
        }
    }
}
